// !$*UTF8*$!
{
	archiveVersion = 1;
	classes = {
	};
	objectVersion = 51;
	objects = {

/* Begin PBXBuildFile section */
		5AD611088853D9B72BA99EB1 /* Pods_FinalProjectTests.framework in Frameworks */ = {isa = PBXBuildFile; fileRef = 1D338D4668001CE7615E14B1 /* Pods_FinalProjectTests.framework */; };
		6AF60D052313B26E00F5CBA2 /* LaunchScreen.storyboard in Resources */ = {isa = PBXBuildFile; fileRef = 6AF60D042313B26E00F5CBA2 /* LaunchScreen.storyboard */; };
		6AF60D082313B31200F5CBA2 /* App.swift in Sources */ = {isa = PBXBuildFile; fileRef = 6AF60D072313B31200F5CBA2 /* App.swift */; };
		6AF60D192313B35800F5CBA2 /* Errors.swift in Sources */ = {isa = PBXBuildFile; fileRef = 6AF60D0C2313B35700F5CBA2 /* Errors.swift */; };
		6AF60D222313B35800F5CBA2 /* String.swift in Sources */ = {isa = PBXBuildFile; fileRef = 6AF60D152313B35800F5CBA2 /* String.swift */; };
		6AF60D802313B56B00F5CBA2 /* Session.swift in Sources */ = {isa = PBXBuildFile; fileRef = 6AF60D242313B56B00F5CBA2 /* Session.swift */; };
		6AF60DC22313B56B00F5CBA2 /* RequestSerializer.swift in Sources */ = {isa = PBXBuildFile; fileRef = 6AF60D6A2313B56B00F5CBA2 /* RequestSerializer.swift */; };
		6AF60DC42313B56B00F5CBA2 /* Error.swift in Sources */ = {isa = PBXBuildFile; fileRef = 6AF60D6C2313B56B00F5CBA2 /* Error.swift */; };
		6AF60DC52313B56B00F5CBA2 /* ApiManager.swift in Sources */ = {isa = PBXBuildFile; fileRef = 6AF60D6D2313B56B00F5CBA2 /* ApiManager.swift */; };
		6AF60DC62313B56B00F5CBA2 /* ResponseSerializer.swift in Sources */ = {isa = PBXBuildFile; fileRef = 6AF60D6E2313B56B00F5CBA2 /* ResponseSerializer.swift */; };
		6AF60DC72313B56B00F5CBA2 /* Api.swift in Sources */ = {isa = PBXBuildFile; fileRef = 6AF60D6F2313B56B00F5CBA2 /* Api.swift */; };
		6AF60E0A2313B9C000F5CBA2 /* UIViewExt.swift in Sources */ = {isa = PBXBuildFile; fileRef = 6AF60DE52313B9BD00F5CBA2 /* UIViewExt.swift */; };
		6AF60E132313B9C000F5CBA2 /* NSErrorExt.swift in Sources */ = {isa = PBXBuildFile; fileRef = 6AF60DEE2313B9BE00F5CBA2 /* NSErrorExt.swift */; };
		6AF60E1E2313B9C000F5CBA2 /* UIViewControllerExt.swift in Sources */ = {isa = PBXBuildFile; fileRef = 6AF60DF92313B9BF00F5CBA2 /* UIViewControllerExt.swift */; };
		6AF60E212313B9C000F5CBA2 /* CollectionExt.swift in Sources */ = {isa = PBXBuildFile; fileRef = 6AF60DFC2313B9BF00F5CBA2 /* CollectionExt.swift */; };
		6AF613B02313C13A00F5CBA2 /* CollectionCell.swift in Sources */ = {isa = PBXBuildFile; fileRef = 6AF611532313C13800F5CBA2 /* CollectionCell.swift */; };
		6AF613B12313C13A00F5CBA2 /* CollectionViewHeaderView.swift in Sources */ = {isa = PBXBuildFile; fileRef = 6AF611542313C13800F5CBA2 /* CollectionViewHeaderView.swift */; };
		6AF613B22313C13A00F5CBA2 /* Label.swift in Sources */ = {isa = PBXBuildFile; fileRef = 6AF611552313C13800F5CBA2 /* Label.swift */; };
		6AF613B32313C13A00F5CBA2 /* ViewController.swift in Sources */ = {isa = PBXBuildFile; fileRef = 6AF611562313C13800F5CBA2 /* ViewController.swift */; };
		6AF613B72313C13A00F5CBA2 /* CollectionView.swift in Sources */ = {isa = PBXBuildFile; fileRef = 6AF6115A2313C13800F5CBA2 /* CollectionView.swift */; };
		6AF613BF2313C13A00F5CBA2 /* ScrollView.swift in Sources */ = {isa = PBXBuildFile; fileRef = 6AF611622313C13800F5CBA2 /* ScrollView.swift */; };
		6AF613C12313C13A00F5CBA2 /* TableView.swift in Sources */ = {isa = PBXBuildFile; fileRef = 6AF611642313C13800F5CBA2 /* TableView.swift */; };
		6AF613C42313C13A00F5CBA2 /* TableCell.swift in Sources */ = {isa = PBXBuildFile; fileRef = 6AF611672313C13800F5CBA2 /* TableCell.swift */; };
		6AF613C92313C13A00F5CBA2 /* ImageView.swift in Sources */ = {isa = PBXBuildFile; fileRef = 6AF6116C2313C13800F5CBA2 /* ImageView.swift */; };
		6AF613CC2313C13A00F5CBA2 /* Button.swift in Sources */ = {isa = PBXBuildFile; fileRef = 6AF6116F2313C13800F5CBA2 /* Button.swift */; };
		6AFD0303231375EE004940FA /* AppDelegate.swift in Sources */ = {isa = PBXBuildFile; fileRef = 6AFD0302231375EE004940FA /* AppDelegate.swift */; };
		6AFD030A231375EF004940FA /* Assets.xcassets in Resources */ = {isa = PBXBuildFile; fileRef = 6AFD0309231375EF004940FA /* Assets.xcassets */; };
		6AFD0318231375EF004940FA /* FinalProjectTests.swift in Sources */ = {isa = PBXBuildFile; fileRef = 6AFD0317231375EF004940FA /* FinalProjectTests.swift */; };
		8882DA0118142BBAD083DDD9 /* Pods_FinalProject.framework in Frameworks */ = {isa = PBXBuildFile; fileRef = 5084BD3D925876C8DE2E9504 /* Pods_FinalProject.framework */; };
		E387871723288B0D003EDFD9 /* HomeSectionHeaderView.xib in Resources */ = {isa = PBXBuildFile; fileRef = E38786F423288B0D003EDFD9 /* HomeSectionHeaderView.xib */; };
		E387871823288B0D003EDFD9 /* HomeSectionHeaderView.swift in Sources */ = {isa = PBXBuildFile; fileRef = E38786F523288B0D003EDFD9 /* HomeSectionHeaderView.swift */; };
		E387871923288B0D003EDFD9 /* HomeViewModel.swift in Sources */ = {isa = PBXBuildFile; fileRef = E38786F623288B0D003EDFD9 /* HomeViewModel.swift */; };
		E387871A23288B0D003EDFD9 /* HeaderCell.xib in Resources */ = {isa = PBXBuildFile; fileRef = E38786F823288B0D003EDFD9 /* HeaderCell.xib */; };
		E387871B23288B0D003EDFD9 /* HeaderCellViewModel.swift in Sources */ = {isa = PBXBuildFile; fileRef = E38786F923288B0D003EDFD9 /* HeaderCellViewModel.swift */; };
		E387871C23288B0D003EDFD9 /* HeaderCollectionViewModel.swift in Sources */ = {isa = PBXBuildFile; fileRef = E38786FB23288B0D003EDFD9 /* HeaderCollectionViewModel.swift */; };
		E387871D23288B0D003EDFD9 /* HeaderCollectionCell.swift in Sources */ = {isa = PBXBuildFile; fileRef = E38786FC23288B0D003EDFD9 /* HeaderCollectionCell.swift */; };
		E387871E23288B0D003EDFD9 /* HeaderCollectionCell.xib in Resources */ = {isa = PBXBuildFile; fileRef = E38786FD23288B0D003EDFD9 /* HeaderCollectionCell.xib */; };
		E387871F23288B0D003EDFD9 /* HeaderCell.swift in Sources */ = {isa = PBXBuildFile; fileRef = E38786FE23288B0D003EDFD9 /* HeaderCell.swift */; };
		E387872023288B0D003EDFD9 /* HomeViewController.xib in Resources */ = {isa = PBXBuildFile; fileRef = E38786FF23288B0D003EDFD9 /* HomeViewController.xib */; };
		E387872123288B0D003EDFD9 /* HomeViewController.swift in Sources */ = {isa = PBXBuildFile; fileRef = E387870023288B0D003EDFD9 /* HomeViewController.swift */; };
		E387872223288B0D003EDFD9 /* ChannelCellViewModel.swift in Sources */ = {isa = PBXBuildFile; fileRef = E387870223288B0D003EDFD9 /* ChannelCellViewModel.swift */; };
		E387872323288B0D003EDFD9 /* ChannelCell.xib in Resources */ = {isa = PBXBuildFile; fileRef = E387870323288B0D003EDFD9 /* ChannelCell.xib */; };
		E387872423288B0D003EDFD9 /* ChannelCell.swift in Sources */ = {isa = PBXBuildFile; fileRef = E387870423288B0D003EDFD9 /* ChannelCell.swift */; };
		E387872523288B0D003EDFD9 /* KindCollectionCell.xib in Resources */ = {isa = PBXBuildFile; fileRef = E387870723288B0D003EDFD9 /* KindCollectionCell.xib */; };
		E387872623288B0D003EDFD9 /* KindCollectionCellViewModel.swift in Sources */ = {isa = PBXBuildFile; fileRef = E387870823288B0D003EDFD9 /* KindCollectionCellViewModel.swift */; };
		E387872723288B0D003EDFD9 /* KindCollectionCell.swift in Sources */ = {isa = PBXBuildFile; fileRef = E387870923288B0D003EDFD9 /* KindCollectionCell.swift */; };
		E387872823288B0D003EDFD9 /* KindCellViewModel.swift in Sources */ = {isa = PBXBuildFile; fileRef = E387870A23288B0D003EDFD9 /* KindCellViewModel.swift */; };
		E387872923288B0D003EDFD9 /* KindCell.swift in Sources */ = {isa = PBXBuildFile; fileRef = E387870B23288B0D003EDFD9 /* KindCell.swift */; };
		E387872A23288B0D003EDFD9 /* KindCell.xib in Resources */ = {isa = PBXBuildFile; fileRef = E387870C23288B0D003EDFD9 /* KindCell.xib */; };
		E387872B23288B0D003EDFD9 /* SearchViewController.swift in Sources */ = {isa = PBXBuildFile; fileRef = E387870E23288B0D003EDFD9 /* SearchViewController.swift */; };
		E387872C23288B0D003EDFD9 /* SearchViewModel.swift in Sources */ = {isa = PBXBuildFile; fileRef = E387870F23288B0D003EDFD9 /* SearchViewModel.swift */; };
		E387872D23288B0D003EDFD9 /* SearchViewController.xib in Resources */ = {isa = PBXBuildFile; fileRef = E387871023288B0D003EDFD9 /* SearchViewController.xib */; };
		E387872E23288B0D003EDFD9 /* SearchCellViewModel.swift in Sources */ = {isa = PBXBuildFile; fileRef = E387871223288B0D003EDFD9 /* SearchCellViewModel.swift */; };
		E387872F23288B0D003EDFD9 /* SearchCell.swift in Sources */ = {isa = PBXBuildFile; fileRef = E387871323288B0D003EDFD9 /* SearchCell.swift */; };
		E387873023288B0D003EDFD9 /* SearchCell.xib in Resources */ = {isa = PBXBuildFile; fileRef = E387871423288B0D003EDFD9 /* SearchCell.xib */; };
		E387874023288ECA003EDFD9 /* API.Home.Channel.swift in Sources */ = {isa = PBXBuildFile; fileRef = E387873823288ECA003EDFD9 /* API.Home.Channel.swift */; };
		E387874123288ECA003EDFD9 /* SearchResult.swift in Sources */ = {isa = PBXBuildFile; fileRef = E387873923288ECA003EDFD9 /* SearchResult.swift */; };
		E387874223288ECA003EDFD9 /* API.Search.swift in Sources */ = {isa = PBXBuildFile; fileRef = E387873A23288ECA003EDFD9 /* API.Search.swift */; };
		E387874623288F2B003EDFD9 /* FavoritesViewController.swift in Sources */ = {isa = PBXBuildFile; fileRef = E387874423288F2B003EDFD9 /* FavoritesViewController.swift */; };
		E387874723288F2B003EDFD9 /* FavoritesViewController.xib in Resources */ = {isa = PBXBuildFile; fileRef = E387874523288F2B003EDFD9 /* FavoritesViewController.xib */; };
		E387874C23288F66003EDFD9 /* Dummy.swift in Sources */ = {isa = PBXBuildFile; fileRef = E387874923288F65003EDFD9 /* Dummy.swift */; };
		E387874D23288F66003EDFD9 /* YouTube.swift in Sources */ = {isa = PBXBuildFile; fileRef = E387874B23288F65003EDFD9 /* YouTube.swift */; };
		E387875E2328935F003EDFD9 /* InformationCellViewModel.swift in Sources */ = {isa = PBXBuildFile; fileRef = E38787502328935F003EDFD9 /* InformationCellViewModel.swift */; };
		E387875F2328935F003EDFD9 /* InformationCell.xib in Resources */ = {isa = PBXBuildFile; fileRef = E38787512328935F003EDFD9 /* InformationCell.xib */; };
		E38787602328935F003EDFD9 /* InformationCell.swift in Sources */ = {isa = PBXBuildFile; fileRef = E38787522328935F003EDFD9 /* InformationCell.swift */; };
		E38787612328935F003EDFD9 /* ProfileViewController.xib in Resources */ = {isa = PBXBuildFile; fileRef = E38787532328935F003EDFD9 /* ProfileViewController.xib */; };
		E38787622328935F003EDFD9 /* UserCell.xib in Resources */ = {isa = PBXBuildFile; fileRef = E38787552328935F003EDFD9 /* UserCell.xib */; };
		E38787632328935F003EDFD9 /* UserCell.swift in Sources */ = {isa = PBXBuildFile; fileRef = E38787562328935F003EDFD9 /* UserCell.swift */; };
		E38787642328935F003EDFD9 /* UserCellViewModel.swift in Sources */ = {isa = PBXBuildFile; fileRef = E38787572328935F003EDFD9 /* UserCellViewModel.swift */; };
		E38787652328935F003EDFD9 /* ProfileChannelCell.swift in Sources */ = {isa = PBXBuildFile; fileRef = E38787592328935F003EDFD9 /* ProfileChannelCell.swift */; };
		E38787662328935F003EDFD9 /* ProfileCellViewModel.swift in Sources */ = {isa = PBXBuildFile; fileRef = E387875A2328935F003EDFD9 /* ProfileCellViewModel.swift */; };
		E38787672328935F003EDFD9 /* ProfileChannelCell.xib in Resources */ = {isa = PBXBuildFile; fileRef = E387875B2328935F003EDFD9 /* ProfileChannelCell.xib */; };
		E38787682328935F003EDFD9 /* ProfileViewModel.swift in Sources */ = {isa = PBXBuildFile; fileRef = E387875C2328935F003EDFD9 /* ProfileViewModel.swift */; };
		E38787692328935F003EDFD9 /* ProfileViewController.swift in Sources */ = {isa = PBXBuildFile; fileRef = E387875D2328935F003EDFD9 /* ProfileViewController.swift */; };
		E387876D2328F705003EDFD9 /* MapViewController.swift in Sources */ = {isa = PBXBuildFile; fileRef = E387876B2328F705003EDFD9 /* MapViewController.swift */; };
		E387876E2328F705003EDFD9 /* MapViewController.xib in Resources */ = {isa = PBXBuildFile; fileRef = E387876C2328F705003EDFD9 /* MapViewController.xib */; };
/* End PBXBuildFile section */

/* Begin PBXContainerItemProxy section */
		6AFD0314231375EF004940FA /* PBXContainerItemProxy */ = {
			isa = PBXContainerItemProxy;
			containerPortal = 6AFD02F7231375EE004940FA /* Project object */;
			proxyType = 1;
			remoteGlobalIDString = 6AFD02FE231375EE004940FA;
			remoteInfo = FinalProject;
		};
/* End PBXContainerItemProxy section */

/* Begin PBXFileReference section */
		1D338D4668001CE7615E14B1 /* Pods_FinalProjectTests.framework */ = {isa = PBXFileReference; explicitFileType = wrapper.framework; includeInIndex = 0; path = Pods_FinalProjectTests.framework; sourceTree = BUILT_PRODUCTS_DIR; };
		38F8188BF7E7977ED1A7F2CE /* Pods-FinalProjectTests.debug.xcconfig */ = {isa = PBXFileReference; includeInIndex = 1; lastKnownFileType = text.xcconfig; name = "Pods-FinalProjectTests.debug.xcconfig"; path = "Pods/Target Support Files/Pods-FinalProjectTests/Pods-FinalProjectTests.debug.xcconfig"; sourceTree = "<group>"; };
		5084BD3D925876C8DE2E9504 /* Pods_FinalProject.framework */ = {isa = PBXFileReference; explicitFileType = wrapper.framework; includeInIndex = 0; path = Pods_FinalProject.framework; sourceTree = BUILT_PRODUCTS_DIR; };
		6AF60D042313B26E00F5CBA2 /* LaunchScreen.storyboard */ = {isa = PBXFileReference; fileEncoding = 4; lastKnownFileType = file.storyboard; path = LaunchScreen.storyboard; sourceTree = "<group>"; };
		6AF60D072313B31200F5CBA2 /* App.swift */ = {isa = PBXFileReference; lastKnownFileType = sourcecode.swift; path = App.swift; sourceTree = "<group>"; };
		6AF60D0C2313B35700F5CBA2 /* Errors.swift */ = {isa = PBXFileReference; fileEncoding = 4; lastKnownFileType = sourcecode.swift; path = Errors.swift; sourceTree = "<group>"; };
		6AF60D152313B35800F5CBA2 /* String.swift */ = {isa = PBXFileReference; fileEncoding = 4; lastKnownFileType = sourcecode.swift; path = String.swift; sourceTree = "<group>"; };
		6AF60D242313B56B00F5CBA2 /* Session.swift */ = {isa = PBXFileReference; fileEncoding = 4; lastKnownFileType = sourcecode.swift; path = Session.swift; sourceTree = "<group>"; };
		6AF60D6A2313B56B00F5CBA2 /* RequestSerializer.swift */ = {isa = PBXFileReference; fileEncoding = 4; lastKnownFileType = sourcecode.swift; path = RequestSerializer.swift; sourceTree = "<group>"; };
		6AF60D6C2313B56B00F5CBA2 /* Error.swift */ = {isa = PBXFileReference; fileEncoding = 4; lastKnownFileType = sourcecode.swift; path = Error.swift; sourceTree = "<group>"; };
		6AF60D6D2313B56B00F5CBA2 /* ApiManager.swift */ = {isa = PBXFileReference; fileEncoding = 4; lastKnownFileType = sourcecode.swift; path = ApiManager.swift; sourceTree = "<group>"; };
		6AF60D6E2313B56B00F5CBA2 /* ResponseSerializer.swift */ = {isa = PBXFileReference; fileEncoding = 4; lastKnownFileType = sourcecode.swift; path = ResponseSerializer.swift; sourceTree = "<group>"; };
		6AF60D6F2313B56B00F5CBA2 /* Api.swift */ = {isa = PBXFileReference; fileEncoding = 4; lastKnownFileType = sourcecode.swift; path = Api.swift; sourceTree = "<group>"; };
		6AF60DE52313B9BD00F5CBA2 /* UIViewExt.swift */ = {isa = PBXFileReference; fileEncoding = 4; lastKnownFileType = sourcecode.swift; path = UIViewExt.swift; sourceTree = "<group>"; };
		6AF60DEE2313B9BE00F5CBA2 /* NSErrorExt.swift */ = {isa = PBXFileReference; fileEncoding = 4; lastKnownFileType = sourcecode.swift; path = NSErrorExt.swift; sourceTree = "<group>"; };
		6AF60DF92313B9BF00F5CBA2 /* UIViewControllerExt.swift */ = {isa = PBXFileReference; fileEncoding = 4; lastKnownFileType = sourcecode.swift; path = UIViewControllerExt.swift; sourceTree = "<group>"; };
		6AF60DFC2313B9BF00F5CBA2 /* CollectionExt.swift */ = {isa = PBXFileReference; fileEncoding = 4; lastKnownFileType = sourcecode.swift; path = CollectionExt.swift; sourceTree = "<group>"; };
		6AF611532313C13800F5CBA2 /* CollectionCell.swift */ = {isa = PBXFileReference; fileEncoding = 4; lastKnownFileType = sourcecode.swift; path = CollectionCell.swift; sourceTree = "<group>"; };
		6AF611542313C13800F5CBA2 /* CollectionViewHeaderView.swift */ = {isa = PBXFileReference; fileEncoding = 4; lastKnownFileType = sourcecode.swift; path = CollectionViewHeaderView.swift; sourceTree = "<group>"; };
		6AF611552313C13800F5CBA2 /* Label.swift */ = {isa = PBXFileReference; fileEncoding = 4; lastKnownFileType = sourcecode.swift; path = Label.swift; sourceTree = "<group>"; };
		6AF611562313C13800F5CBA2 /* ViewController.swift */ = {isa = PBXFileReference; fileEncoding = 4; lastKnownFileType = sourcecode.swift; path = ViewController.swift; sourceTree = "<group>"; };
		6AF6115A2313C13800F5CBA2 /* CollectionView.swift */ = {isa = PBXFileReference; fileEncoding = 4; lastKnownFileType = sourcecode.swift; path = CollectionView.swift; sourceTree = "<group>"; };
		6AF611622313C13800F5CBA2 /* ScrollView.swift */ = {isa = PBXFileReference; fileEncoding = 4; lastKnownFileType = sourcecode.swift; path = ScrollView.swift; sourceTree = "<group>"; };
		6AF611642313C13800F5CBA2 /* TableView.swift */ = {isa = PBXFileReference; fileEncoding = 4; lastKnownFileType = sourcecode.swift; path = TableView.swift; sourceTree = "<group>"; };
		6AF611672313C13800F5CBA2 /* TableCell.swift */ = {isa = PBXFileReference; fileEncoding = 4; lastKnownFileType = sourcecode.swift; path = TableCell.swift; sourceTree = "<group>"; };
		6AF6116C2313C13800F5CBA2 /* ImageView.swift */ = {isa = PBXFileReference; fileEncoding = 4; lastKnownFileType = sourcecode.swift; path = ImageView.swift; sourceTree = "<group>"; };
		6AF6116F2313C13800F5CBA2 /* Button.swift */ = {isa = PBXFileReference; fileEncoding = 4; lastKnownFileType = sourcecode.swift; path = Button.swift; sourceTree = "<group>"; };
		6AFD02FF231375EE004940FA /* FinalProject.app */ = {isa = PBXFileReference; explicitFileType = wrapper.application; includeInIndex = 0; path = FinalProject.app; sourceTree = BUILT_PRODUCTS_DIR; };
		6AFD0302231375EE004940FA /* AppDelegate.swift */ = {isa = PBXFileReference; lastKnownFileType = sourcecode.swift; path = AppDelegate.swift; sourceTree = "<group>"; };
		6AFD0309231375EF004940FA /* Assets.xcassets */ = {isa = PBXFileReference; lastKnownFileType = folder.assetcatalog; path = Assets.xcassets; sourceTree = "<group>"; };
		6AFD030E231375EF004940FA /* Info.plist */ = {isa = PBXFileReference; lastKnownFileType = text.plist.xml; path = Info.plist; sourceTree = "<group>"; };
		6AFD0313231375EF004940FA /* FinalProjectTests.xctest */ = {isa = PBXFileReference; explicitFileType = wrapper.cfbundle; includeInIndex = 0; path = FinalProjectTests.xctest; sourceTree = BUILT_PRODUCTS_DIR; };
		6AFD0317231375EF004940FA /* FinalProjectTests.swift */ = {isa = PBXFileReference; lastKnownFileType = sourcecode.swift; path = FinalProjectTests.swift; sourceTree = "<group>"; };
		6AFD0319231375EF004940FA /* Info.plist */ = {isa = PBXFileReference; lastKnownFileType = text.plist.xml; path = Info.plist; sourceTree = "<group>"; };
		7EB1AD2584DB4F2ED9CCF8A4 /* Pods-FinalProjectTests.release.xcconfig */ = {isa = PBXFileReference; includeInIndex = 1; lastKnownFileType = text.xcconfig; name = "Pods-FinalProjectTests.release.xcconfig"; path = "Pods/Target Support Files/Pods-FinalProjectTests/Pods-FinalProjectTests.release.xcconfig"; sourceTree = "<group>"; };
		D72EC1050944689B4414E5C7 /* Pods-FinalProject.debug.xcconfig */ = {isa = PBXFileReference; includeInIndex = 1; lastKnownFileType = text.xcconfig; name = "Pods-FinalProject.debug.xcconfig"; path = "Pods/Target Support Files/Pods-FinalProject/Pods-FinalProject.debug.xcconfig"; sourceTree = "<group>"; };
		DD4A2FBD85737A9282EA2264 /* Pods-FinalProject.release.xcconfig */ = {isa = PBXFileReference; includeInIndex = 1; lastKnownFileType = text.xcconfig; name = "Pods-FinalProject.release.xcconfig"; path = "Pods/Target Support Files/Pods-FinalProject/Pods-FinalProject.release.xcconfig"; sourceTree = "<group>"; };
		E38786F423288B0D003EDFD9 /* HomeSectionHeaderView.xib */ = {isa = PBXFileReference; fileEncoding = 4; lastKnownFileType = file.xib; path = HomeSectionHeaderView.xib; sourceTree = "<group>"; };
		E38786F523288B0D003EDFD9 /* HomeSectionHeaderView.swift */ = {isa = PBXFileReference; fileEncoding = 4; lastKnownFileType = sourcecode.swift; path = HomeSectionHeaderView.swift; sourceTree = "<group>"; };
		E38786F623288B0D003EDFD9 /* HomeViewModel.swift */ = {isa = PBXFileReference; fileEncoding = 4; lastKnownFileType = sourcecode.swift; path = HomeViewModel.swift; sourceTree = "<group>"; };
		E38786F823288B0D003EDFD9 /* HeaderCell.xib */ = {isa = PBXFileReference; fileEncoding = 4; lastKnownFileType = file.xib; path = HeaderCell.xib; sourceTree = "<group>"; };
		E38786F923288B0D003EDFD9 /* HeaderCellViewModel.swift */ = {isa = PBXFileReference; fileEncoding = 4; lastKnownFileType = sourcecode.swift; path = HeaderCellViewModel.swift; sourceTree = "<group>"; };
		E38786FB23288B0D003EDFD9 /* HeaderCollectionViewModel.swift */ = {isa = PBXFileReference; fileEncoding = 4; lastKnownFileType = sourcecode.swift; path = HeaderCollectionViewModel.swift; sourceTree = "<group>"; };
		E38786FC23288B0D003EDFD9 /* HeaderCollectionCell.swift */ = {isa = PBXFileReference; fileEncoding = 4; lastKnownFileType = sourcecode.swift; path = HeaderCollectionCell.swift; sourceTree = "<group>"; };
		E38786FD23288B0D003EDFD9 /* HeaderCollectionCell.xib */ = {isa = PBXFileReference; fileEncoding = 4; lastKnownFileType = file.xib; path = HeaderCollectionCell.xib; sourceTree = "<group>"; };
		E38786FE23288B0D003EDFD9 /* HeaderCell.swift */ = {isa = PBXFileReference; fileEncoding = 4; lastKnownFileType = sourcecode.swift; path = HeaderCell.swift; sourceTree = "<group>"; };
		E38786FF23288B0D003EDFD9 /* HomeViewController.xib */ = {isa = PBXFileReference; fileEncoding = 4; lastKnownFileType = file.xib; path = HomeViewController.xib; sourceTree = "<group>"; };
		E387870023288B0D003EDFD9 /* HomeViewController.swift */ = {isa = PBXFileReference; fileEncoding = 4; lastKnownFileType = sourcecode.swift; path = HomeViewController.swift; sourceTree = "<group>"; };
		E387870223288B0D003EDFD9 /* ChannelCellViewModel.swift */ = {isa = PBXFileReference; fileEncoding = 4; lastKnownFileType = sourcecode.swift; path = ChannelCellViewModel.swift; sourceTree = "<group>"; };
		E387870323288B0D003EDFD9 /* ChannelCell.xib */ = {isa = PBXFileReference; fileEncoding = 4; lastKnownFileType = file.xib; path = ChannelCell.xib; sourceTree = "<group>"; };
		E387870423288B0D003EDFD9 /* ChannelCell.swift */ = {isa = PBXFileReference; fileEncoding = 4; lastKnownFileType = sourcecode.swift; path = ChannelCell.swift; sourceTree = "<group>"; };
		E387870723288B0D003EDFD9 /* KindCollectionCell.xib */ = {isa = PBXFileReference; fileEncoding = 4; lastKnownFileType = file.xib; path = KindCollectionCell.xib; sourceTree = "<group>"; };
		E387870823288B0D003EDFD9 /* KindCollectionCellViewModel.swift */ = {isa = PBXFileReference; fileEncoding = 4; lastKnownFileType = sourcecode.swift; path = KindCollectionCellViewModel.swift; sourceTree = "<group>"; };
		E387870923288B0D003EDFD9 /* KindCollectionCell.swift */ = {isa = PBXFileReference; fileEncoding = 4; lastKnownFileType = sourcecode.swift; path = KindCollectionCell.swift; sourceTree = "<group>"; };
		E387870A23288B0D003EDFD9 /* KindCellViewModel.swift */ = {isa = PBXFileReference; fileEncoding = 4; lastKnownFileType = sourcecode.swift; path = KindCellViewModel.swift; sourceTree = "<group>"; };
		E387870B23288B0D003EDFD9 /* KindCell.swift */ = {isa = PBXFileReference; fileEncoding = 4; lastKnownFileType = sourcecode.swift; path = KindCell.swift; sourceTree = "<group>"; };
		E387870C23288B0D003EDFD9 /* KindCell.xib */ = {isa = PBXFileReference; fileEncoding = 4; lastKnownFileType = file.xib; path = KindCell.xib; sourceTree = "<group>"; };
		E387870E23288B0D003EDFD9 /* SearchViewController.swift */ = {isa = PBXFileReference; fileEncoding = 4; lastKnownFileType = sourcecode.swift; path = SearchViewController.swift; sourceTree = "<group>"; };
		E387870F23288B0D003EDFD9 /* SearchViewModel.swift */ = {isa = PBXFileReference; fileEncoding = 4; lastKnownFileType = sourcecode.swift; path = SearchViewModel.swift; sourceTree = "<group>"; };
		E387871023288B0D003EDFD9 /* SearchViewController.xib */ = {isa = PBXFileReference; fileEncoding = 4; lastKnownFileType = file.xib; path = SearchViewController.xib; sourceTree = "<group>"; };
		E387871223288B0D003EDFD9 /* SearchCellViewModel.swift */ = {isa = PBXFileReference; fileEncoding = 4; lastKnownFileType = sourcecode.swift; path = SearchCellViewModel.swift; sourceTree = "<group>"; };
		E387871323288B0D003EDFD9 /* SearchCell.swift */ = {isa = PBXFileReference; fileEncoding = 4; lastKnownFileType = sourcecode.swift; path = SearchCell.swift; sourceTree = "<group>"; };
		E387871423288B0D003EDFD9 /* SearchCell.xib */ = {isa = PBXFileReference; fileEncoding = 4; lastKnownFileType = file.xib; path = SearchCell.xib; sourceTree = "<group>"; };
		E387873823288ECA003EDFD9 /* API.Home.Channel.swift */ = {isa = PBXFileReference; fileEncoding = 4; lastKnownFileType = sourcecode.swift; path = API.Home.Channel.swift; sourceTree = "<group>"; };
		E387873923288ECA003EDFD9 /* SearchResult.swift */ = {isa = PBXFileReference; fileEncoding = 4; lastKnownFileType = sourcecode.swift; path = SearchResult.swift; sourceTree = "<group>"; };
		E387873A23288ECA003EDFD9 /* API.Search.swift */ = {isa = PBXFileReference; fileEncoding = 4; lastKnownFileType = sourcecode.swift; path = API.Search.swift; sourceTree = "<group>"; };
		E387874423288F2B003EDFD9 /* FavoritesViewController.swift */ = {isa = PBXFileReference; fileEncoding = 4; lastKnownFileType = sourcecode.swift; path = FavoritesViewController.swift; sourceTree = "<group>"; };
		E387874523288F2B003EDFD9 /* FavoritesViewController.xib */ = {isa = PBXFileReference; fileEncoding = 4; lastKnownFileType = file.xib; path = FavoritesViewController.xib; sourceTree = "<group>"; };
		E387874923288F65003EDFD9 /* Dummy.swift */ = {isa = PBXFileReference; fileEncoding = 4; lastKnownFileType = sourcecode.swift; path = Dummy.swift; sourceTree = "<group>"; };
		E387874B23288F65003EDFD9 /* YouTube.swift */ = {isa = PBXFileReference; fileEncoding = 4; lastKnownFileType = sourcecode.swift; path = YouTube.swift; sourceTree = "<group>"; };
		E38787502328935F003EDFD9 /* InformationCellViewModel.swift */ = {isa = PBXFileReference; fileEncoding = 4; lastKnownFileType = sourcecode.swift; path = InformationCellViewModel.swift; sourceTree = "<group>"; };
		E38787512328935F003EDFD9 /* InformationCell.xib */ = {isa = PBXFileReference; fileEncoding = 4; lastKnownFileType = file.xib; path = InformationCell.xib; sourceTree = "<group>"; };
		E38787522328935F003EDFD9 /* InformationCell.swift */ = {isa = PBXFileReference; fileEncoding = 4; lastKnownFileType = sourcecode.swift; path = InformationCell.swift; sourceTree = "<group>"; };
		E38787532328935F003EDFD9 /* ProfileViewController.xib */ = {isa = PBXFileReference; fileEncoding = 4; lastKnownFileType = file.xib; path = ProfileViewController.xib; sourceTree = "<group>"; };
		E38787552328935F003EDFD9 /* UserCell.xib */ = {isa = PBXFileReference; fileEncoding = 4; lastKnownFileType = file.xib; path = UserCell.xib; sourceTree = "<group>"; };
		E38787562328935F003EDFD9 /* UserCell.swift */ = {isa = PBXFileReference; fileEncoding = 4; lastKnownFileType = sourcecode.swift; path = UserCell.swift; sourceTree = "<group>"; };
		E38787572328935F003EDFD9 /* UserCellViewModel.swift */ = {isa = PBXFileReference; fileEncoding = 4; lastKnownFileType = sourcecode.swift; path = UserCellViewModel.swift; sourceTree = "<group>"; };
		E38787592328935F003EDFD9 /* ProfileChannelCell.swift */ = {isa = PBXFileReference; fileEncoding = 4; lastKnownFileType = sourcecode.swift; path = ProfileChannelCell.swift; sourceTree = "<group>"; };
		E387875A2328935F003EDFD9 /* ProfileCellViewModel.swift */ = {isa = PBXFileReference; fileEncoding = 4; lastKnownFileType = sourcecode.swift; path = ProfileCellViewModel.swift; sourceTree = "<group>"; };
		E387875B2328935F003EDFD9 /* ProfileChannelCell.xib */ = {isa = PBXFileReference; fileEncoding = 4; lastKnownFileType = file.xib; path = ProfileChannelCell.xib; sourceTree = "<group>"; };
		E387875C2328935F003EDFD9 /* ProfileViewModel.swift */ = {isa = PBXFileReference; fileEncoding = 4; lastKnownFileType = sourcecode.swift; path = ProfileViewModel.swift; sourceTree = "<group>"; };
		E387875D2328935F003EDFD9 /* ProfileViewController.swift */ = {isa = PBXFileReference; fileEncoding = 4; lastKnownFileType = sourcecode.swift; path = ProfileViewController.swift; sourceTree = "<group>"; };
		E387876B2328F705003EDFD9 /* MapViewController.swift */ = {isa = PBXFileReference; lastKnownFileType = sourcecode.swift; path = MapViewController.swift; sourceTree = "<group>"; };
		E387876C2328F705003EDFD9 /* MapViewController.xib */ = {isa = PBXFileReference; lastKnownFileType = file.xib; path = MapViewController.xib; sourceTree = "<group>"; };
/* End PBXFileReference section */

/* Begin PBXFrameworksBuildPhase section */
		6AFD02FC231375EE004940FA /* Frameworks */ = {
			isa = PBXFrameworksBuildPhase;
			buildActionMask = 2147483647;
			files = (
				8882DA0118142BBAD083DDD9 /* Pods_FinalProject.framework in Frameworks */,
			);
			runOnlyForDeploymentPostprocessing = 0;
		};
		6AFD0310231375EF004940FA /* Frameworks */ = {
			isa = PBXFrameworksBuildPhase;
			buildActionMask = 2147483647;
			files = (
				5AD611088853D9B72BA99EB1 /* Pods_FinalProjectTests.framework in Frameworks */,
			);
			runOnlyForDeploymentPostprocessing = 0;
		};
/* End PBXFrameworksBuildPhase section */

/* Begin PBXGroup section */
		0A5EC1D2229805DB6969ADDD /* Pods */ = {
			isa = PBXGroup;
			children = (
				D72EC1050944689B4414E5C7 /* Pods-FinalProject.debug.xcconfig */,
				DD4A2FBD85737A9282EA2264 /* Pods-FinalProject.release.xcconfig */,
				38F8188BF7E7977ED1A7F2CE /* Pods-FinalProjectTests.debug.xcconfig */,
				7EB1AD2584DB4F2ED9CCF8A4 /* Pods-FinalProjectTests.release.xcconfig */,
			);
			name = Pods;
			sourceTree = "<group>";
		};
		6AF60D062313B2EF00F5CBA2 /* Define */ = {
			isa = PBXGroup;
			children = (
				6AF60D072313B31200F5CBA2 /* App.swift */,
				6AF60D0C2313B35700F5CBA2 /* Errors.swift */,
				6AF60D152313B35800F5CBA2 /* String.swift */,
			);
			path = Define;
			sourceTree = "<group>";
		};
		6AF60D232313B56B00F5CBA2 /* Model */ = {
			isa = PBXGroup;
			children = (
				E387874823288F65003EDFD9 /* Dummy */,
				E387874A23288F65003EDFD9 /* YouTube */,
				6AF60D242313B56B00F5CBA2 /* Session.swift */,
				6AF60D252313B56B00F5CBA2 /* Schema */,
				6AF60D672313B56B00F5CBA2 /* API */,
			);
			path = Model;
			sourceTree = "<group>";
		};
		6AF60D252313B56B00F5CBA2 /* Schema */ = {
			isa = PBXGroup;
			children = (
			);
			path = Schema;
			sourceTree = "<group>";
		};
		6AF60D672313B56B00F5CBA2 /* API */ = {
			isa = PBXGroup;
			children = (
				E387873823288ECA003EDFD9 /* API.Home.Channel.swift */,
				E387873923288ECA003EDFD9 /* SearchResult.swift */,
				E387873A23288ECA003EDFD9 /* API.Search.swift */,
				6AF60D692313B56B00F5CBA2 /* Core */,
			);
			path = API;
			sourceTree = "<group>";
		};
		6AF60D692313B56B00F5CBA2 /* Core */ = {
			isa = PBXGroup;
			children = (
				6AF60D6A2313B56B00F5CBA2 /* RequestSerializer.swift */,
				6AF60D6C2313B56B00F5CBA2 /* Error.swift */,
				6AF60D6D2313B56B00F5CBA2 /* ApiManager.swift */,
				6AF60D6E2313B56B00F5CBA2 /* ResponseSerializer.swift */,
				6AF60D6F2313B56B00F5CBA2 /* Api.swift */,
			);
			path = Core;
			sourceTree = "<group>";
		};
		6AF60DD82313B98800F5CBA2 /* Library */ = {
			isa = PBXGroup;
			children = (
				6AF60DD92313B99200F5CBA2 /* Ext */,
			);
			path = Library;
			sourceTree = "<group>";
		};
		6AF60DD92313B99200F5CBA2 /* Ext */ = {
			isa = PBXGroup;
			children = (
				6AF60DFC2313B9BF00F5CBA2 /* CollectionExt.swift */,
				6AF60DEE2313B9BE00F5CBA2 /* NSErrorExt.swift */,
				6AF60DF92313B9BF00F5CBA2 /* UIViewControllerExt.swift */,
				6AF60DE52313B9BD00F5CBA2 /* UIViewExt.swift */,
			);
			path = Ext;
			sourceTree = "<group>";
		};
		6AF60E242313C13600F5CBA2 /* View */ = {
			isa = PBXGroup;
			children = (
				6AF611522313C13800F5CBA2 /* Base */,
				6AF60E252313C13600F5CBA2 /* Controller */,
				6AF611232313C13800F5CBA2 /* Control */,
			);
			path = View;
			sourceTree = "<group>";
		};
		6AF60E252313C13600F5CBA2 /* Controller */ = {
			isa = PBXGroup;
			children = (
				E387876A2328F6D8003EDFD9 /* Map */,
				E387874E2328935F003EDFD9 /* Profile */,
				E387874323288F2B003EDFD9 /* Favorites */,
				E38786F223288B0D003EDFD9 /* Home */,
				E387870D23288B0D003EDFD9 /* Search */,
			);
			path = Controller;
			sourceTree = "<group>";
		};
		6AF611232313C13800F5CBA2 /* Control */ = {
			isa = PBXGroup;
			children = (
			);
			path = Control;
			sourceTree = "<group>";
		};
		6AF611522313C13800F5CBA2 /* Base */ = {
			isa = PBXGroup;
			children = (
				6AF611532313C13800F5CBA2 /* CollectionCell.swift */,
				6AF611542313C13800F5CBA2 /* CollectionViewHeaderView.swift */,
				6AF611552313C13800F5CBA2 /* Label.swift */,
				6AF611562313C13800F5CBA2 /* ViewController.swift */,
				6AF6115A2313C13800F5CBA2 /* CollectionView.swift */,
				6AF611622313C13800F5CBA2 /* ScrollView.swift */,
				6AF611642313C13800F5CBA2 /* TableView.swift */,
				6AF611672313C13800F5CBA2 /* TableCell.swift */,
				6AF6116C2313C13800F5CBA2 /* ImageView.swift */,
				6AF6116F2313C13800F5CBA2 /* Button.swift */,
			);
			path = Base;
			sourceTree = "<group>";
		};
		6AFD02F6231375EE004940FA = {
			isa = PBXGroup;
			children = (
				6AFD0301231375EE004940FA /* FinalProject */,
				6AFD0316231375EF004940FA /* FinalProjectTests */,
				6AFD0300231375EE004940FA /* Products */,
				0A5EC1D2229805DB6969ADDD /* Pods */,
				EDAB884D0E9858125EA92DBE /* Frameworks */,
			);
			sourceTree = "<group>";
		};
		6AFD0300231375EE004940FA /* Products */ = {
			isa = PBXGroup;
			children = (
				6AFD02FF231375EE004940FA /* FinalProject.app */,
				6AFD0313231375EF004940FA /* FinalProjectTests.xctest */,
			);
			name = Products;
			sourceTree = "<group>";
		};
		6AFD0301231375EE004940FA /* FinalProject */ = {
			isa = PBXGroup;
			children = (
				6AFD0302231375EE004940FA /* AppDelegate.swift */,
				6AFD0309231375EF004940FA /* Assets.xcassets */,
				6AFD030E231375EF004940FA /* Info.plist */,
				6AF60D042313B26E00F5CBA2 /* LaunchScreen.storyboard */,
				6AF60D062313B2EF00F5CBA2 /* Define */,
				6AF60DD82313B98800F5CBA2 /* Library */,
				6AF60D232313B56B00F5CBA2 /* Model */,
				6AF60E242313C13600F5CBA2 /* View */,
			);
			path = FinalProject;
			sourceTree = "<group>";
		};
		6AFD0316231375EF004940FA /* FinalProjectTests */ = {
			isa = PBXGroup;
			children = (
				6AFD0317231375EF004940FA /* FinalProjectTests.swift */,
				6AFD0319231375EF004940FA /* Info.plist */,
			);
			path = FinalProjectTests;
			sourceTree = "<group>";
		};
		E38786F223288B0D003EDFD9 /* Home */ = {
			isa = PBXGroup;
			children = (
				E38786F323288B0D003EDFD9 /* Section */,
				E38786F623288B0D003EDFD9 /* HomeViewModel.swift */,
				E38786F723288B0D003EDFD9 /* HeaderCell */,
				E38786FF23288B0D003EDFD9 /* HomeViewController.xib */,
				E387870023288B0D003EDFD9 /* HomeViewController.swift */,
				E387870123288B0D003EDFD9 /* ChannelCells */,
				E387870523288B0D003EDFD9 /* KindCell */,
			);
			path = Home;
			sourceTree = "<group>";
		};
		E38786F323288B0D003EDFD9 /* Section */ = {
			isa = PBXGroup;
			children = (
				E38786F423288B0D003EDFD9 /* HomeSectionHeaderView.xib */,
				E38786F523288B0D003EDFD9 /* HomeSectionHeaderView.swift */,
			);
			path = Section;
			sourceTree = "<group>";
		};
		E38786F723288B0D003EDFD9 /* HeaderCell */ = {
			isa = PBXGroup;
			children = (
				E38786F823288B0D003EDFD9 /* HeaderCell.xib */,
				E38786F923288B0D003EDFD9 /* HeaderCellViewModel.swift */,
				E38786FA23288B0D003EDFD9 /* CellCollection */,
				E38786FE23288B0D003EDFD9 /* HeaderCell.swift */,
			);
			path = HeaderCell;
			sourceTree = "<group>";
		};
		E38786FA23288B0D003EDFD9 /* CellCollection */ = {
			isa = PBXGroup;
			children = (
				E38786FB23288B0D003EDFD9 /* HeaderCollectionViewModel.swift */,
				E38786FC23288B0D003EDFD9 /* HeaderCollectionCell.swift */,
				E38786FD23288B0D003EDFD9 /* HeaderCollectionCell.xib */,
			);
			path = CellCollection;
			sourceTree = "<group>";
		};
		E387870123288B0D003EDFD9 /* ChannelCells */ = {
			isa = PBXGroup;
			children = (
				E387870223288B0D003EDFD9 /* ChannelCellViewModel.swift */,
				E387870323288B0D003EDFD9 /* ChannelCell.xib */,
				E387870423288B0D003EDFD9 /* ChannelCell.swift */,
			);
			path = ChannelCells;
			sourceTree = "<group>";
		};
		E387870523288B0D003EDFD9 /* KindCell */ = {
			isa = PBXGroup;
			children = (
				E387870623288B0D003EDFD9 /* KindCollectionCell */,
				E387870A23288B0D003EDFD9 /* KindCellViewModel.swift */,
				E387870B23288B0D003EDFD9 /* KindCell.swift */,
				E387870C23288B0D003EDFD9 /* KindCell.xib */,
			);
			path = KindCell;
			sourceTree = "<group>";
		};
		E387870623288B0D003EDFD9 /* KindCollectionCell */ = {
			isa = PBXGroup;
			children = (
				E387870723288B0D003EDFD9 /* KindCollectionCell.xib */,
				E387870823288B0D003EDFD9 /* KindCollectionCellViewModel.swift */,
				E387870923288B0D003EDFD9 /* KindCollectionCell.swift */,
			);
			path = KindCollectionCell;
			sourceTree = "<group>";
		};
		E387870D23288B0D003EDFD9 /* Search */ = {
			isa = PBXGroup;
			children = (
				E387870E23288B0D003EDFD9 /* SearchViewController.swift */,
				E387870F23288B0D003EDFD9 /* SearchViewModel.swift */,
				E387871023288B0D003EDFD9 /* SearchViewController.xib */,
				E387871123288B0D003EDFD9 /* SearchCell */,
			);
			path = Search;
			sourceTree = "<group>";
		};
		E387871123288B0D003EDFD9 /* SearchCell */ = {
			isa = PBXGroup;
			children = (
				E387871223288B0D003EDFD9 /* SearchCellViewModel.swift */,
				E387871323288B0D003EDFD9 /* SearchCell.swift */,
				E387871423288B0D003EDFD9 /* SearchCell.xib */,
			);
			path = SearchCell;
			sourceTree = "<group>";
		};
		E387874323288F2B003EDFD9 /* Favorites */ = {
			isa = PBXGroup;
			children = (
				E387874423288F2B003EDFD9 /* FavoritesViewController.swift */,
				E387874523288F2B003EDFD9 /* FavoritesViewController.xib */,
			);
			path = Favorites;
			sourceTree = "<group>";
		};
		E387874823288F65003EDFD9 /* Dummy */ = {
			isa = PBXGroup;
			children = (
				E387874923288F65003EDFD9 /* Dummy.swift */,
			);
			path = Dummy;
			sourceTree = "<group>";
		};
		E387874A23288F65003EDFD9 /* YouTube */ = {
			isa = PBXGroup;
			children = (
				E387874B23288F65003EDFD9 /* YouTube.swift */,
			);
			path = YouTube;
			sourceTree = "<group>";
		};
		E387874E2328935F003EDFD9 /* Profile */ = {
			isa = PBXGroup;
			children = (
				E387874F2328935F003EDFD9 /* Information */,
				E38787542328935F003EDFD9 /* User */,
				E38787582328935F003EDFD9 /* Channel */,
				E387875D2328935F003EDFD9 /* ProfileViewController.swift */,
				E38787532328935F003EDFD9 /* ProfileViewController.xib */,
			);
			name = Profile;
			path = FinalProject/View/Profile;
			sourceTree = SOURCE_ROOT;
		};
		E387874F2328935F003EDFD9 /* Information */ = {
			isa = PBXGroup;
			children = (
				E38787502328935F003EDFD9 /* InformationCellViewModel.swift */,
				E38787512328935F003EDFD9 /* InformationCell.xib */,
				E38787522328935F003EDFD9 /* InformationCell.swift */,
			);
			path = Information;
			sourceTree = "<group>";
		};
		E38787542328935F003EDFD9 /* User */ = {
			isa = PBXGroup;
			children = (
				E38787552328935F003EDFD9 /* UserCell.xib */,
				E38787562328935F003EDFD9 /* UserCell.swift */,
				E38787572328935F003EDFD9 /* UserCellViewModel.swift */,
			);
			path = User;
			sourceTree = "<group>";
		};
		E38787582328935F003EDFD9 /* Channel */ = {
			isa = PBXGroup;
			children = (
				E38787592328935F003EDFD9 /* ProfileChannelCell.swift */,
				E387875A2328935F003EDFD9 /* ProfileCellViewModel.swift */,
				E387875B2328935F003EDFD9 /* ProfileChannelCell.xib */,
				E387875C2328935F003EDFD9 /* ProfileViewModel.swift */,
			);
			path = Channel;
			sourceTree = "<group>";
		};
		E387876A2328F6D8003EDFD9 /* Map */ = {
			isa = PBXGroup;
			children = (
				E387876B2328F705003EDFD9 /* MapViewController.swift */,
				E387876C2328F705003EDFD9 /* MapViewController.xib */,
			);
			path = Map;
			sourceTree = "<group>";
		};
		EDAB884D0E9858125EA92DBE /* Frameworks */ = {
			isa = PBXGroup;
			children = (
				5084BD3D925876C8DE2E9504 /* Pods_FinalProject.framework */,
				1D338D4668001CE7615E14B1 /* Pods_FinalProjectTests.framework */,
			);
			name = Frameworks;
			sourceTree = "<group>";
		};
/* End PBXGroup section */

/* Begin PBXNativeTarget section */
		6AFD02FE231375EE004940FA /* FinalProject */ = {
			isa = PBXNativeTarget;
			buildConfigurationList = 6AFD031C231375EF004940FA /* Build configuration list for PBXNativeTarget "FinalProject" */;
			buildPhases = (
				8448771D0E97D56E2DD2670E /* [CP] Check Pods Manifest.lock */,
				6AFD032323139854004940FA /* Swift Lint */,
				6AFD02FB231375EE004940FA /* Sources */,
				6AFD02FC231375EE004940FA /* Frameworks */,
				6AFD02FD231375EE004940FA /* Resources */,
				33E42EA2B060F1067BB30538 /* [CP] Embed Pods Frameworks */,
			);
			buildRules = (
			);
			dependencies = (
			);
			name = FinalProject;
			productName = FinalProject;
			productReference = 6AFD02FF231375EE004940FA /* FinalProject.app */;
			productType = "com.apple.product-type.application";
		};
		6AFD0312231375EF004940FA /* FinalProjectTests */ = {
			isa = PBXNativeTarget;
			buildConfigurationList = 6AFD031F231375EF004940FA /* Build configuration list for PBXNativeTarget "FinalProjectTests" */;
			buildPhases = (
				9FC5EBB010D51D39B72EE1ED /* [CP] Check Pods Manifest.lock */,
				6AFD030F231375EF004940FA /* Sources */,
				6AFD0310231375EF004940FA /* Frameworks */,
				6AFD0311231375EF004940FA /* Resources */,
			);
			buildRules = (
			);
			dependencies = (
				6AFD0315231375EF004940FA /* PBXTargetDependency */,
			);
			name = FinalProjectTests;
			productName = FinalProjectTests;
			productReference = 6AFD0313231375EF004940FA /* FinalProjectTests.xctest */;
			productType = "com.apple.product-type.bundle.unit-test";
		};
/* End PBXNativeTarget section */

/* Begin PBXProject section */
		6AFD02F7231375EE004940FA /* Project object */ = {
			isa = PBXProject;
			attributes = {
				LastSwiftUpdateCheck = 1020;
				LastUpgradeCheck = 1020;
				ORGANIZATIONNAME = Asiantech;
				TargetAttributes = {
					6AFD02FE231375EE004940FA = {
						CreatedOnToolsVersion = 10.2.1;
					};
					6AFD0312231375EF004940FA = {
						CreatedOnToolsVersion = 10.2.1;
						TestTargetID = 6AFD02FE231375EE004940FA;
					};
				};
			};
			buildConfigurationList = 6AFD02FA231375EE004940FA /* Build configuration list for PBXProject "FinalProject" */;
			compatibilityVersion = "Xcode 9.3";
			developmentRegion = en;
			hasScannedForEncodings = 0;
			knownRegions = (
				en,
				Base,
			);
			mainGroup = 6AFD02F6231375EE004940FA;
			productRefGroup = 6AFD0300231375EE004940FA /* Products */;
			projectDirPath = "";
			projectRoot = "";
			targets = (
				6AFD02FE231375EE004940FA /* FinalProject */,
				6AFD0312231375EF004940FA /* FinalProjectTests */,
			);
		};
/* End PBXProject section */

/* Begin PBXResourcesBuildPhase section */
		6AFD02FD231375EE004940FA /* Resources */ = {
			isa = PBXResourcesBuildPhase;
			buildActionMask = 2147483647;
			files = (
				E38787612328935F003EDFD9 /* ProfileViewController.xib in Resources */,
				E38787672328935F003EDFD9 /* ProfileChannelCell.xib in Resources */,
				E387872523288B0D003EDFD9 /* KindCollectionCell.xib in Resources */,
				E387871E23288B0D003EDFD9 /* HeaderCollectionCell.xib in Resources */,
				E387872323288B0D003EDFD9 /* ChannelCell.xib in Resources */,
				E387871A23288B0D003EDFD9 /* HeaderCell.xib in Resources */,
				E387876E2328F705003EDFD9 /* MapViewController.xib in Resources */,
				E387871723288B0D003EDFD9 /* HomeSectionHeaderView.xib in Resources */,
				6AFD030A231375EF004940FA /* Assets.xcassets in Resources */,
				E387874723288F2B003EDFD9 /* FavoritesViewController.xib in Resources */,
				E387875F2328935F003EDFD9 /* InformationCell.xib in Resources */,
				E387872D23288B0D003EDFD9 /* SearchViewController.xib in Resources */,
				E387872A23288B0D003EDFD9 /* KindCell.xib in Resources */,
				E387873023288B0D003EDFD9 /* SearchCell.xib in Resources */,
				E387872023288B0D003EDFD9 /* HomeViewController.xib in Resources */,
				6AF60D052313B26E00F5CBA2 /* LaunchScreen.storyboard in Resources */,
				E38787622328935F003EDFD9 /* UserCell.xib in Resources */,
			);
			runOnlyForDeploymentPostprocessing = 0;
		};
		6AFD0311231375EF004940FA /* Resources */ = {
			isa = PBXResourcesBuildPhase;
			buildActionMask = 2147483647;
			files = (
			);
			runOnlyForDeploymentPostprocessing = 0;
		};
/* End PBXResourcesBuildPhase section */

/* Begin PBXShellScriptBuildPhase section */
		33E42EA2B060F1067BB30538 /* [CP] Embed Pods Frameworks */ = {
			isa = PBXShellScriptBuildPhase;
			buildActionMask = 2147483647;
			files = (
			);
			inputFileListPaths = (
				"${PODS_ROOT}/Target Support Files/Pods-FinalProject/Pods-FinalProject-frameworks-${CONFIGURATION}-input-files.xcfilelist",
			);
			name = "[CP] Embed Pods Frameworks";
			outputFileListPaths = (
				"${PODS_ROOT}/Target Support Files/Pods-FinalProject/Pods-FinalProject-frameworks-${CONFIGURATION}-output-files.xcfilelist",
			);
			runOnlyForDeploymentPostprocessing = 0;
			shellPath = /bin/sh;
			shellScript = "\"${PODS_ROOT}/Target Support Files/Pods-FinalProject/Pods-FinalProject-frameworks.sh\"\n";
			showEnvVarsInLog = 0;
		};
		6AFD032323139854004940FA /* Swift Lint */ = {
			isa = PBXShellScriptBuildPhase;
			buildActionMask = 2147483647;
			files = (
			);
			inputFileListPaths = (
			);
			inputPaths = (
			);
			name = "Swift Lint";
			outputFileListPaths = (
			);
			outputPaths = (
			);
			runOnlyForDeploymentPostprocessing = 0;
			shellPath = /bin/sh;
			shellScript = "\"${PODS_ROOT}/SwiftLint/swiftlint\"\n";
		};
		8448771D0E97D56E2DD2670E /* [CP] Check Pods Manifest.lock */ = {
			isa = PBXShellScriptBuildPhase;
			buildActionMask = 2147483647;
			files = (
			);
			inputFileListPaths = (
			);
			inputPaths = (
				"${PODS_PODFILE_DIR_PATH}/Podfile.lock",
				"${PODS_ROOT}/Manifest.lock",
			);
			name = "[CP] Check Pods Manifest.lock";
			outputFileListPaths = (
			);
			outputPaths = (
				"$(DERIVED_FILE_DIR)/Pods-FinalProject-checkManifestLockResult.txt",
			);
			runOnlyForDeploymentPostprocessing = 0;
			shellPath = /bin/sh;
			shellScript = "diff \"${PODS_PODFILE_DIR_PATH}/Podfile.lock\" \"${PODS_ROOT}/Manifest.lock\" > /dev/null\nif [ $? != 0 ] ; then\n    # print error to STDERR\n    echo \"error: The sandbox is not in sync with the Podfile.lock. Run 'pod install' or update your CocoaPods installation.\" >&2\n    exit 1\nfi\n# This output is used by Xcode 'outputs' to avoid re-running this script phase.\necho \"SUCCESS\" > \"${SCRIPT_OUTPUT_FILE_0}\"\n";
			showEnvVarsInLog = 0;
		};
		9FC5EBB010D51D39B72EE1ED /* [CP] Check Pods Manifest.lock */ = {
			isa = PBXShellScriptBuildPhase;
			buildActionMask = 2147483647;
			files = (
			);
			inputFileListPaths = (
			);
			inputPaths = (
				"${PODS_PODFILE_DIR_PATH}/Podfile.lock",
				"${PODS_ROOT}/Manifest.lock",
			);
			name = "[CP] Check Pods Manifest.lock";
			outputFileListPaths = (
			);
			outputPaths = (
				"$(DERIVED_FILE_DIR)/Pods-FinalProjectTests-checkManifestLockResult.txt",
			);
			runOnlyForDeploymentPostprocessing = 0;
			shellPath = /bin/sh;
			shellScript = "diff \"${PODS_PODFILE_DIR_PATH}/Podfile.lock\" \"${PODS_ROOT}/Manifest.lock\" > /dev/null\nif [ $? != 0 ] ; then\n    # print error to STDERR\n    echo \"error: The sandbox is not in sync with the Podfile.lock. Run 'pod install' or update your CocoaPods installation.\" >&2\n    exit 1\nfi\n# This output is used by Xcode 'outputs' to avoid re-running this script phase.\necho \"SUCCESS\" > \"${SCRIPT_OUTPUT_FILE_0}\"\n";
			showEnvVarsInLog = 0;
		};
/* End PBXShellScriptBuildPhase section */

/* Begin PBXSourcesBuildPhase section */
		6AFD02FB231375EE004940FA /* Sources */ = {
			isa = PBXSourcesBuildPhase;
			buildActionMask = 2147483647;
			files = (
				6AF60E0A2313B9C000F5CBA2 /* UIViewExt.swift in Sources */,
				6AF613B22313C13A00F5CBA2 /* Label.swift in Sources */,
				E387872223288B0D003EDFD9 /* ChannelCellViewModel.swift in Sources */,
				E387875E2328935F003EDFD9 /* InformationCellViewModel.swift in Sources */,
				6AF60DC42313B56B00F5CBA2 /* Error.swift in Sources */,
				6AF60E132313B9C000F5CBA2 /* NSErrorExt.swift in Sources */,
				E387872723288B0D003EDFD9 /* KindCollectionCell.swift in Sources */,
				6AF613B72313C13A00F5CBA2 /* CollectionView.swift in Sources */,
				E387874023288ECA003EDFD9 /* API.Home.Channel.swift in Sources */,
				E387872823288B0D003EDFD9 /* KindCellViewModel.swift in Sources */,
				6AFD0303231375EE004940FA /* AppDelegate.swift in Sources */,
				6AF613B02313C13A00F5CBA2 /* CollectionCell.swift in Sources */,
				E38787682328935F003EDFD9 /* ProfileViewModel.swift in Sources */,
				6AF60DC52313B56B00F5CBA2 /* ApiManager.swift in Sources */,
				6AF60DC72313B56B00F5CBA2 /* Api.swift in Sources */,
				E387871923288B0D003EDFD9 /* HomeViewModel.swift in Sources */,
				6AF613B12313C13A00F5CBA2 /* CollectionViewHeaderView.swift in Sources */,
				E387872923288B0D003EDFD9 /* KindCell.swift in Sources */,
				6AF60E1E2313B9C000F5CBA2 /* UIViewControllerExt.swift in Sources */,
				E387872623288B0D003EDFD9 /* KindCollectionCellViewModel.swift in Sources */,
				E387871823288B0D003EDFD9 /* HomeSectionHeaderView.swift in Sources */,
				6AF60D082313B31200F5CBA2 /* App.swift in Sources */,
				E38787662328935F003EDFD9 /* ProfileCellViewModel.swift in Sources */,
				6AF60D802313B56B00F5CBA2 /* Session.swift in Sources */,
				E387874623288F2B003EDFD9 /* FavoritesViewController.swift in Sources */,
				E387872B23288B0D003EDFD9 /* SearchViewController.swift in Sources */,
				E387871F23288B0D003EDFD9 /* HeaderCell.swift in Sources */,
				E387871D23288B0D003EDFD9 /* HeaderCollectionCell.swift in Sources */,
				6AF60DC62313B56B00F5CBA2 /* ResponseSerializer.swift in Sources */,
				E387872E23288B0D003EDFD9 /* SearchCellViewModel.swift in Sources */,
				E387871B23288B0D003EDFD9 /* HeaderCellViewModel.swift in Sources */,
				E387872C23288B0D003EDFD9 /* SearchViewModel.swift in Sources */,
				6AF60D192313B35800F5CBA2 /* Errors.swift in Sources */,
				E387874223288ECA003EDFD9 /* API.Search.swift in Sources */,
				E38787652328935F003EDFD9 /* ProfileChannelCell.swift in Sources */,
				6AF613BF2313C13A00F5CBA2 /* ScrollView.swift in Sources */,
				6AF60D222313B35800F5CBA2 /* String.swift in Sources */,
				E38787642328935F003EDFD9 /* UserCellViewModel.swift in Sources */,
				E387874D23288F66003EDFD9 /* YouTube.swift in Sources */,
				E38787692328935F003EDFD9 /* ProfileViewController.swift in Sources */,
				E387872F23288B0D003EDFD9 /* SearchCell.swift in Sources */,
				E387874123288ECA003EDFD9 /* SearchResult.swift in Sources */,
				6AF60DC22313B56B00F5CBA2 /* RequestSerializer.swift in Sources */,
				6AF613CC2313C13A00F5CBA2 /* Button.swift in Sources */,
				6AF613B32313C13A00F5CBA2 /* ViewController.swift in Sources */,
				6AF613C12313C13A00F5CBA2 /* TableView.swift in Sources */,
				E387872123288B0D003EDFD9 /* HomeViewController.swift in Sources */,
				E387872423288B0D003EDFD9 /* ChannelCell.swift in Sources */,
				E38787602328935F003EDFD9 /* InformationCell.swift in Sources */,
				6AF613C42313C13A00F5CBA2 /* TableCell.swift in Sources */,
				6AF613C92313C13A00F5CBA2 /* ImageView.swift in Sources */,
				6AF60E212313B9C000F5CBA2 /* CollectionExt.swift in Sources */,
				E387874C23288F66003EDFD9 /* Dummy.swift in Sources */,
				E38787632328935F003EDFD9 /* UserCell.swift in Sources */,
				E387871C23288B0D003EDFD9 /* HeaderCollectionViewModel.swift in Sources */,
				E387876D2328F705003EDFD9 /* MapViewController.swift in Sources */,
			);
			runOnlyForDeploymentPostprocessing = 0;
		};
		6AFD030F231375EF004940FA /* Sources */ = {
			isa = PBXSourcesBuildPhase;
			buildActionMask = 2147483647;
			files = (
				6AFD0318231375EF004940FA /* FinalProjectTests.swift in Sources */,
			);
			runOnlyForDeploymentPostprocessing = 0;
		};
/* End PBXSourcesBuildPhase section */

/* Begin PBXTargetDependency section */
		6AFD0315231375EF004940FA /* PBXTargetDependency */ = {
			isa = PBXTargetDependency;
			target = 6AFD02FE231375EE004940FA /* FinalProject */;
			targetProxy = 6AFD0314231375EF004940FA /* PBXContainerItemProxy */;
		};
/* End PBXTargetDependency section */

/* Begin XCBuildConfiguration section */
		6AFD031A231375EF004940FA /* Debug */ = {
			isa = XCBuildConfiguration;
			buildSettings = {
				ALWAYS_SEARCH_USER_PATHS = NO;
				CLANG_ANALYZER_NONNULL = YES;
				CLANG_ANALYZER_NUMBER_OBJECT_CONVERSION = YES_AGGRESSIVE;
				CLANG_CXX_LANGUAGE_STANDARD = "gnu++14";
				CLANG_CXX_LIBRARY = "libc++";
				CLANG_ENABLE_MODULES = YES;
				CLANG_ENABLE_OBJC_ARC = YES;
				CLANG_ENABLE_OBJC_WEAK = YES;
				CLANG_WARN_BLOCK_CAPTURE_AUTORELEASING = YES;
				CLANG_WARN_BOOL_CONVERSION = YES;
				CLANG_WARN_COMMA = YES;
				CLANG_WARN_CONSTANT_CONVERSION = YES;
				CLANG_WARN_DEPRECATED_OBJC_IMPLEMENTATIONS = YES;
				CLANG_WARN_DIRECT_OBJC_ISA_USAGE = YES_ERROR;
				CLANG_WARN_DOCUMENTATION_COMMENTS = YES;
				CLANG_WARN_EMPTY_BODY = YES;
				CLANG_WARN_ENUM_CONVERSION = YES;
				CLANG_WARN_INFINITE_RECURSION = YES;
				CLANG_WARN_INT_CONVERSION = YES;
				CLANG_WARN_NON_LITERAL_NULL_CONVERSION = YES;
				CLANG_WARN_OBJC_IMPLICIT_RETAIN_SELF = YES;
				CLANG_WARN_OBJC_LITERAL_CONVERSION = YES;
				CLANG_WARN_OBJC_ROOT_CLASS = YES_ERROR;
				CLANG_WARN_RANGE_LOOP_ANALYSIS = YES;
				CLANG_WARN_STRICT_PROTOTYPES = YES;
				CLANG_WARN_SUSPICIOUS_MOVE = YES;
				CLANG_WARN_UNGUARDED_AVAILABILITY = YES_AGGRESSIVE;
				CLANG_WARN_UNREACHABLE_CODE = YES;
				CLANG_WARN__DUPLICATE_METHOD_MATCH = YES;
				CODE_SIGN_IDENTITY = "iPhone Developer";
				COPY_PHASE_STRIP = NO;
				DEBUG_INFORMATION_FORMAT = dwarf;
				ENABLE_STRICT_OBJC_MSGSEND = YES;
				ENABLE_TESTABILITY = YES;
				GCC_C_LANGUAGE_STANDARD = gnu11;
				GCC_DYNAMIC_NO_PIC = NO;
				GCC_NO_COMMON_BLOCKS = YES;
				GCC_OPTIMIZATION_LEVEL = 0;
				GCC_PREPROCESSOR_DEFINITIONS = (
					"DEBUG=1",
					"$(inherited)",
				);
				GCC_WARN_64_TO_32_BIT_CONVERSION = YES;
				GCC_WARN_ABOUT_RETURN_TYPE = YES_ERROR;
				GCC_WARN_UNDECLARED_SELECTOR = YES;
				GCC_WARN_UNINITIALIZED_AUTOS = YES_AGGRESSIVE;
				GCC_WARN_UNUSED_FUNCTION = YES;
				GCC_WARN_UNUSED_VARIABLE = YES;
				IPHONEOS_DEPLOYMENT_TARGET = 12.2;
				MTL_ENABLE_DEBUG_INFO = INCLUDE_SOURCE;
				MTL_FAST_MATH = YES;
				ONLY_ACTIVE_ARCH = YES;
				SDKROOT = iphoneos;
				SWIFT_ACTIVE_COMPILATION_CONDITIONS = DEBUG;
				SWIFT_OPTIMIZATION_LEVEL = "-Onone";
			};
			name = Debug;
		};
		6AFD031B231375EF004940FA /* Release */ = {
			isa = XCBuildConfiguration;
			buildSettings = {
				ALWAYS_SEARCH_USER_PATHS = NO;
				CLANG_ANALYZER_NONNULL = YES;
				CLANG_ANALYZER_NUMBER_OBJECT_CONVERSION = YES_AGGRESSIVE;
				CLANG_CXX_LANGUAGE_STANDARD = "gnu++14";
				CLANG_CXX_LIBRARY = "libc++";
				CLANG_ENABLE_MODULES = YES;
				CLANG_ENABLE_OBJC_ARC = YES;
				CLANG_ENABLE_OBJC_WEAK = YES;
				CLANG_WARN_BLOCK_CAPTURE_AUTORELEASING = YES;
				CLANG_WARN_BOOL_CONVERSION = YES;
				CLANG_WARN_COMMA = YES;
				CLANG_WARN_CONSTANT_CONVERSION = YES;
				CLANG_WARN_DEPRECATED_OBJC_IMPLEMENTATIONS = YES;
				CLANG_WARN_DIRECT_OBJC_ISA_USAGE = YES_ERROR;
				CLANG_WARN_DOCUMENTATION_COMMENTS = YES;
				CLANG_WARN_EMPTY_BODY = YES;
				CLANG_WARN_ENUM_CONVERSION = YES;
				CLANG_WARN_INFINITE_RECURSION = YES;
				CLANG_WARN_INT_CONVERSION = YES;
				CLANG_WARN_NON_LITERAL_NULL_CONVERSION = YES;
				CLANG_WARN_OBJC_IMPLICIT_RETAIN_SELF = YES;
				CLANG_WARN_OBJC_LITERAL_CONVERSION = YES;
				CLANG_WARN_OBJC_ROOT_CLASS = YES_ERROR;
				CLANG_WARN_RANGE_LOOP_ANALYSIS = YES;
				CLANG_WARN_STRICT_PROTOTYPES = YES;
				CLANG_WARN_SUSPICIOUS_MOVE = YES;
				CLANG_WARN_UNGUARDED_AVAILABILITY = YES_AGGRESSIVE;
				CLANG_WARN_UNREACHABLE_CODE = YES;
				CLANG_WARN__DUPLICATE_METHOD_MATCH = YES;
				CODE_SIGN_IDENTITY = "iPhone Developer";
				COPY_PHASE_STRIP = NO;
				DEBUG_INFORMATION_FORMAT = "dwarf-with-dsym";
				ENABLE_NS_ASSERTIONS = NO;
				ENABLE_STRICT_OBJC_MSGSEND = YES;
				GCC_C_LANGUAGE_STANDARD = gnu11;
				GCC_NO_COMMON_BLOCKS = YES;
				GCC_WARN_64_TO_32_BIT_CONVERSION = YES;
				GCC_WARN_ABOUT_RETURN_TYPE = YES_ERROR;
				GCC_WARN_UNDECLARED_SELECTOR = YES;
				GCC_WARN_UNINITIALIZED_AUTOS = YES_AGGRESSIVE;
				GCC_WARN_UNUSED_FUNCTION = YES;
				GCC_WARN_UNUSED_VARIABLE = YES;
				IPHONEOS_DEPLOYMENT_TARGET = 12.2;
				MTL_ENABLE_DEBUG_INFO = NO;
				MTL_FAST_MATH = YES;
				SDKROOT = iphoneos;
				SWIFT_COMPILATION_MODE = wholemodule;
				SWIFT_OPTIMIZATION_LEVEL = "-O";
				VALIDATE_PRODUCT = YES;
			};
			name = Release;
		};
		6AFD031D231375EF004940FA /* Debug */ = {
			isa = XCBuildConfiguration;
			baseConfigurationReference = D72EC1050944689B4414E5C7 /* Pods-FinalProject.debug.xcconfig */;
			buildSettings = {
				ASSETCATALOG_COMPILER_APPICON_NAME = AppIcon;
				CODE_SIGN_STYLE = Automatic;
				INFOPLIST_FILE = FinalProject/Info.plist;
				LD_RUNPATH_SEARCH_PATHS = (
					"$(inherited)",
					"@executable_path/Frameworks",
				);
				PRODUCT_BUNDLE_IDENTIFIER = com.FinalProject;
				PRODUCT_NAME = "$(TARGET_NAME)";
				SWIFT_VERSION = 5.0;
				TARGETED_DEVICE_FAMILY = "1,2";
			};
			name = Debug;
		};
		6AFD031E231375EF004940FA /* Release */ = {
			isa = XCBuildConfiguration;
			baseConfigurationReference = DD4A2FBD85737A9282EA2264 /* Pods-FinalProject.release.xcconfig */;
			buildSettings = {
				ASSETCATALOG_COMPILER_APPICON_NAME = AppIcon;
				CODE_SIGN_STYLE = Automatic;
				INFOPLIST_FILE = FinalProject/Info.plist;
				LD_RUNPATH_SEARCH_PATHS = (
					"$(inherited)",
					"@executable_path/Frameworks",
				);
				PRODUCT_BUNDLE_IDENTIFIER = com.FinalProject;
				PRODUCT_NAME = "$(TARGET_NAME)";
				SWIFT_VERSION = 5.0;
				TARGETED_DEVICE_FAMILY = "1,2";
			};
			name = Release;
		};
		6AFD0320231375EF004940FA /* Debug */ = {
			isa = XCBuildConfiguration;
			baseConfigurationReference = 38F8188BF7E7977ED1A7F2CE /* Pods-FinalProjectTests.debug.xcconfig */;
			buildSettings = {
				ALWAYS_EMBED_SWIFT_STANDARD_LIBRARIES = YES;
				BUNDLE_LOADER = "$(TEST_HOST)";
				CODE_SIGN_STYLE = Automatic;
				INFOPLIST_FILE = FinalProjectTests/Info.plist;
				LD_RUNPATH_SEARCH_PATHS = (
					"$(inherited)",
					"@executable_path/Frameworks",
					"@loader_path/Frameworks",
				);
				PRODUCT_BUNDLE_IDENTIFIER = com.FinalProjectTests;
				PRODUCT_NAME = "$(TARGET_NAME)";
				SWIFT_VERSION = 5.0;
				TARGETED_DEVICE_FAMILY = "1,2";
				TEST_HOST = "$(BUILT_PRODUCTS_DIR)/FinalProject.app/FinalProject";
			};
			name = Debug;
		};
		6AFD0321231375EF004940FA /* Release */ = {
			isa = XCBuildConfiguration;
			baseConfigurationReference = 7EB1AD2584DB4F2ED9CCF8A4 /* Pods-FinalProjectTests.release.xcconfig */;
			buildSettings = {
				ALWAYS_EMBED_SWIFT_STANDARD_LIBRARIES = YES;
				BUNDLE_LOADER = "$(TEST_HOST)";
				CODE_SIGN_STYLE = Automatic;
				INFOPLIST_FILE = FinalProjectTests/Info.plist;
				LD_RUNPATH_SEARCH_PATHS = (
					"$(inherited)",
					"@executable_path/Frameworks",
					"@loader_path/Frameworks",
				);
				PRODUCT_BUNDLE_IDENTIFIER = com.FinalProjectTests;
				PRODUCT_NAME = "$(TARGET_NAME)";
				SWIFT_VERSION = 5.0;
				TARGETED_DEVICE_FAMILY = "1,2";
				TEST_HOST = "$(BUILT_PRODUCTS_DIR)/FinalProject.app/FinalProject";
			};
			name = Release;
		};
/* End XCBuildConfiguration section */

/* Begin XCConfigurationList section */
		6AFD02FA231375EE004940FA /* Build configuration list for PBXProject "FinalProject" */ = {
			isa = XCConfigurationList;
			buildConfigurations = (
				6AFD031A231375EF004940FA /* Debug */,
				6AFD031B231375EF004940FA /* Release */,
			);
			defaultConfigurationIsVisible = 0;
			defaultConfigurationName = Release;
		};
		6AFD031C231375EF004940FA /* Build configuration list for PBXNativeTarget "FinalProject" */ = {
			isa = XCConfigurationList;
			buildConfigurations = (
				6AFD031D231375EF004940FA /* Debug */,
				6AFD031E231375EF004940FA /* Release */,
			);
			defaultConfigurationIsVisible = 0;
			defaultConfigurationName = Release;
		};
		6AFD031F231375EF004940FA /* Build configuration list for PBXNativeTarget "FinalProjectTests" */ = {
			isa = XCConfigurationList;
			buildConfigurations = (
				6AFD0320231375EF004940FA /* Debug */,
				6AFD0321231375EF004940FA /* Release */,
			);
			defaultConfigurationIsVisible = 0;
			defaultConfigurationName = Release;
		};
/* End XCConfigurationList section */
	};
	rootObject = 6AFD02F7231375EE004940FA /* Project object */;
}
